{
  "requires": true,
  "lockfileVersion": 1,
  "dependencies": {
    "vue": {
      "version": "2.6.10",
      "resolved": "https://registry.npmjs.org/vue/-/vue-2.6.10.tgz",
      "integrity": "sha512-ImThpeNU9HbdZL3utgMCq0oiMzAkt1mcgy3/E6zWC/G6AaQoeuFdsl9nDhTDU3X1R6FK7nsIUuRACVcjI+A2GQ=="
    },
    "vuelidate": {
      "version": "0.7.4",
      "resolved": "https://registry.npmjs.org/vuelidate/-/vuelidate-0.7.4.tgz",
      "integrity": "sha512-QHZWYOL325Zo+2K7VBNEJTZ496Kd8Z31p85aQJFldKudUUGBmgw4zu4ghl4CyqPwjRCmqZ9lDdx4FSdMnu4fGg=="
    }
  }
}
